{
    "_meta": {
        "hash": {
            "sha256": "0e056f8365f37d07a6db226547164fbee526d403b8f92c92ac82db48a908b4c6"
        },
        "pipfile-spec": 6,
        "requires": {},
        "sources": [
            {
                "name": "pypi",
                "url": "https://pypi.python.org/simple",
                "verify_ssl": true
            }
        ]
    },
    "default": {
        "colorama": {
            "hashes": [
                "sha256:463f8483208e921368c9f306094eb6f725c6ca42b0f97e313cb5d5512459feda",
                "sha256:48eb22f4f8461b1df5734a074b57042430fb06e1d61bd1e11b078c0fe6d7a1f1"
            ],
            "version": "==0.3.9"
        },
        "coloredlogs": {
            "hashes": [
                "sha256:34fad2e342d5a559c31b6c889e8d14f97cb62c47d9a2ae7b5ed14ea10a79eff8",
                "sha256:b869a2dda3fa88154b9dd850e27828d8755bfab5a838a1c97fbc850c6e377c36"
            ],
            "index": "pypi",
            "version": "==10.0"
        },
        "frida": {
            "hashes": [
                "sha256:0295e2085c1af13fab4e12543ab49d9b6601ff71e33aad0ad01302fe9d975387",
                "sha256:11f10201046161afda66f86942bc45bdc8d2224ce36d6573d7723a9cf89779fe",
                "sha256:208d72a4f2d5630de93a6c175f2307caf8de0f4ea3d849de6fe0a3fbf21c45b7",
                "sha256:2bbbde47c66c61c5ab0dc91db62fc31870dcada415e1ee972a3ccd1768231958",
                "sha256:338997a70f01644040f7241dc0ab0bfe07267c24f83d0cfc26d5263da5341daa",
                "sha256:4cc99675f396dd53330a9436d9bceb7bedead7525cca0615c1e307b124114ea4",
                "sha256:576ab0b624b648cfe6580de7ef696badedd4b5bab121d66c38e817f594671bfe",
                "sha256:824ce9f29efbe932229292fdcf585a7e410f15fa8f5442666ec169e7e25e915b",
                "sha256:844ec198b88bcf900bfbec8b565f0844dbe68bd89cd103b4ec111c8677fdbbfc",
                "sha256:9cf6308dec77fa566ef3602b030b9b4d3d4fccdcc2f9eccdf5887797a62f86d3",
                "sha256:bfdce9291ccc70a8f61ba35d1bdbb3858cb8bdda4d0a7efda10f03bba5b79212",
                "sha256:d08ffee11fb9265238c9984cd804cccab91a938d1f76ff8ea994df3fbd6c2a06",
                "sha256:d866cf2733c7063bb669aaeadf0b536964d9151d076e52cc4951c5ebde2adfd3",
                "sha256:dcb5ec65d673e2119b2b687e50f8e2755eb85fb4ab96345dcda9cafef8b25d2e"
            ],
            "index": "pypi",
            "version": "==11.0.8"
        },
        "graypy": {
            "hashes": [
                "sha256:a07936082b0bfad1b34e768f3cb265de19b3db7a621f7b9d09e46372e40a5320"
            ],
            "index": "pypi",
            "version": "==0.3"
        },
        "humanfriendly": {
            "hashes": [
                "sha256:72a2efa8b477abb4fbdb3e5e224942c13e201c1df8c70fc244ef13b982ceb010",
                "sha256:937b4d2c99d29007023ebcab23579429541bfb3357a97e5df38fc5d851a112a3"
            ],
            "version": "==4.12.1"
        },
        "prompt-toolkit": {
            "hashes": [
                "sha256:1df952620eccb399c53ebb359cc7d9a8d3a9538cb34c5a1344bdbeb29fbcc381",
                "sha256:3f473ae040ddaa52b52f97f6b4a493cfa9f5920c255a12dc56a7d34397a398a4",
                "sha256:858588f1983ca497f1cf4ffde01d978a3ea02b01c8a26a8bbc5cd2e66d816917"
            ],
            "version": "==1.0.15"
        },
        "pygments": {
            "hashes": [
                "sha256:78f3f434bcc5d6ee09020f92ba487f95ba50f1e3ef83ae96b9d5ffa1bab25c5d",
                "sha256:dbae1046def0efb574852fab9e90209b23f556367b5a320c0bcb871c77c3e8cc"
            ],
            "version": "==2.2.0"
        },
        "redis": {
            "hashes": [
                "sha256:8a1900a9f2a0a44ecf6e8b5eb3e967a9909dfed219ad66df094f27f7d6f330fb",
                "sha256:a22ca993cea2962dbb588f9f30d0015ac4afcc45bee27d3978c0dbe9e97c6c0f"
            ],
            "index": "pypi",
            "version": "==2.10.6"
        },
        "six": {
            "hashes": [
                "sha256:70e8a77beed4562e7f14fe23a786b54f6296e34344c23bc42f07b15018ff98e9",
                "sha256:832dc0e10feb1aa2c68dcc57dbb658f1c7e65b9b61af69048abc87a2db00a0eb"
            ],
            "version": "==1.11.0"
        },
        "wcwidth": {
            "hashes": [
                "sha256:3df37372226d6e63e1b1e1eda15c594bca98a22d33a23832a90998faa96bc65e",
                "sha256:f4ebe71925af7b40a864553f761ed559b43544f8f71746c2d756c7fe788ade7c"
            ],
            "version": "==0.1.7"
        }
    },
    "develop": {}
}
