{
    "_meta": {
        "hash": {
            "sha256": "be8976d8dfbe552d2fb2193fdff2c9546f744e12325b98e27ff51f1f0506552d"
        },
        "pipfile-spec": 6,
        "requires": {},
        "sources": [
            {
                "name": "pypi",
                "url": "https://pypi.python.org/simple",
                "verify_ssl": true
            }
        ]
    },
    "default": {
        "colorama": {
            "hashes": [
                "sha256:463f8483208e921368c9f306094eb6f725c6ca42b0f97e313cb5d5512459feda",
                "sha256:48eb22f4f8461b1df5734a074b57042430fb06e1d61bd1e11b078c0fe6d7a1f1"
            ],
            "version": "==0.3.9"
        },
        "coloredlogs": {
            "hashes": [
                "sha256:6bd7ceac109c3f2e138db8578396664b1067f32aca55d3280a57dbf05f1ada6c",
                "sha256:e3b19320bd21bde506444601a71397cf5215f040df06503013697c6261b05de9"
            ],
            "index": "pypi",
            "version": "==9.0"
        },
        "frida": {
            "hashes": [
                "sha256:066463325ef3164630072b70507f23c43a00bbaa6271da386c3c6f7d4925b764",
                "sha256:0e6fdb4843322f95632c7644003e66a40b495cd97d8cbafc9b4f32ba115c2257",
                "sha256:3927c590c93d9ada6bb3eee0b6f4c6f2c14a5d22a12755435ea9ce64aa805682",
                "sha256:501f376579c24d0b8be13e3b29a782926201be3809ffbfb86cfb5e2769043ea8",
                "sha256:6a16fe5e906e31adfa6b88707158b4afb21ab32d4d155ce884dac4751c6f3760",
                "sha256:7a3fa015e5263dc44f0bed0736485aea1832cad1c4d49d8a3db1c369e1ce1338",
                "sha256:84f46f6705484c9eaac78b9cac7ee453430fbc4a551eeb8e2529351c43a73a9b",
                "sha256:a08c3c52c64591df7766b02cb798b3ae9710f6ec06787aff24653938189c5f65",
                "sha256:befc94ea2a6adc72549d93ecabab41e971e6d1e993878c30a45692df4fd904fa",
                "sha256:c0be47eba4962fa62baf0121f32e56216b2baed7b388a9abe8b660882efd39b2",
                "sha256:c53139f072912e155859163a42faf56d956fba637c237b40ad1a6b1cac4772c4",
                "sha256:ee30527d19e5f074e255236c229f02a79e35708d12dc99aa984158916c61034d",
                "sha256:ef19a209c9e044a55990101c34ce2dbbab10ead14d36018269cd238cf799050b",
                "sha256:efdefa1e3f87664f41b7294ffcfdcbcd348f2fc1195f7ec8813d14e7568005cb"
            ],
            "index": "pypi",
            "version": "==10.7.7"
        },
        "graypy": {
            "hashes": [
                "sha256:1a38da6a17b02b8d016fde64618effc611b6fcb092200728da622760e612c175",
                "sha256:1f5b917e9152d3ea4593a0e98d50b4ef3e6f369f9b53b60f0546eb9aa96fde8d"
            ],
            "index": "pypi",
            "version": "==0.2.14"
        },
        "humanfriendly": {
            "hashes": [
                "sha256:30eeab45eb22eb95e1f7d1e2657d381fa9b2b3f28613b942e5935dc90bb5a6c1",
                "sha256:32f4a21fb3db1f54a3c9f48e2d7e3cc2d9230a066f0e27909de6b191dba3c44b"
            ],
            "version": "==4.10"
        },
        "prompt-toolkit": {
            "hashes": [
                "sha256:1df952620eccb399c53ebb359cc7d9a8d3a9538cb34c5a1344bdbeb29fbcc381",
                "sha256:3f473ae040ddaa52b52f97f6b4a493cfa9f5920c255a12dc56a7d34397a398a4",
                "sha256:858588f1983ca497f1cf4ffde01d978a3ea02b01c8a26a8bbc5cd2e66d816917"
            ],
            "version": "==1.0.15"
        },
        "pygments": {
            "hashes": [
                "sha256:78f3f434bcc5d6ee09020f92ba487f95ba50f1e3ef83ae96b9d5ffa1bab25c5d",
                "sha256:dbae1046def0efb574852fab9e90209b23f556367b5a320c0bcb871c77c3e8cc"
            ],
            "version": "==2.2.0"
        },
        "six": {
            "hashes": [
                "sha256:70e8a77beed4562e7f14fe23a786b54f6296e34344c23bc42f07b15018ff98e9",
                "sha256:832dc0e10feb1aa2c68dcc57dbb658f1c7e65b9b61af69048abc87a2db00a0eb"
            ],
            "version": "==1.11.0"
        },
        "wcwidth": {
            "hashes": [
                "sha256:3df37372226d6e63e1b1e1eda15c594bca98a22d33a23832a90998faa96bc65e",
                "sha256:f4ebe71925af7b40a864553f761ed559b43544f8f71746c2d756c7fe788ade7c"
            ],
            "version": "==0.1.7"
        }
    },
    "develop": {}
}
